
Microsoft Visual Studio Solution File, Format Version 12.00
# Visual Studio Version 16
VisualStudioVersion = 16.0.33027.164
MinimumVisualStudioVersion = 10.0.40219.1
Project("{FAE04EC0-301F-11D3-BF4B-00C04F79EFBC}") = "CevikMetalTeknik.Android", "CevikMetalTeknik\CevikMetalTeknik.Android\CevikMetalTeknik.Android.csproj", "{C2644521-5535-49A4-BC5A-1CEDFC2AF745}"
EndProject
Project("{FAE04EC0-301F-11D3-BF4B-00C04F79EFBC}") = "CevikMetalTeknik.iOS", "CevikMetalTeknik\CevikMetalTeknik.iOS\CevikMetalTeknik.iOS.csproj", "{80ECE9F3-6077-4C3E-ACDA-67AE8EC26C5F}"
EndProject
Project("{9A19103F-16F7-4668-BE54-9A1E7A4F7556}") = "CevikMetalTeknik", "CevikMetalTeknik\CevikMetalTeknik\CevikMetalTeknik.csproj", "{0DF3FE69-E927-4B12-A012-884B99880BE9}"
EndProject
Project("{9A19103F-16F7-4668-BE54-9A1E7A4F7556}") = "denemd", "..\..\deneme2\denemd\denemd\denemd.csproj", "{62D50959-0A03-4C45-912E-DBDDAD002B72}"
EndProject
Global
	GlobalSection(SolutionConfigurationPlatforms) = preSolution
		Debug|Any CPU = Debug|Any CPU
		Debug|iPhone = Debug|iPhone
		Debug|iPhoneSimulator = Debug|iPhoneSimulator
		Release|Any CPU = Release|Any CPU
		Release|iPhone = Release|iPhone
		Release|iPhoneSimulator = Release|iPhoneSimulator
	EndGlobalSection
	GlobalSection(ProjectConfigurationPlatforms) = postSolution
		{C2644521-5535-49A4-BC5A-1CEDFC2AF745}.Debug|Any CPU.ActiveCfg = Debug|Any CPU
		{C2644521-5535-49A4-BC5A-1CEDFC2AF745}.Debug|Any CPU.Build.0 = Debug|Any CPU
		{C2644521-5535-49A4-BC5A-1CEDFC2AF745}.Debug|Any CPU.Deploy.0 = Debug|Any CPU
		{C2644521-5535-49A4-BC5A-1CEDFC2AF745}.Debug|iPhone.ActiveCfg = Debug|Any CPU
		{C2644521-5535-49A4-BC5A-1CEDFC2AF745}.Debug|iPhone.Build.0 = Debug|Any CPU
		{C2644521-5535-49A4-BC5A-1CEDFC2AF745}.Debug|iPhone.Deploy.0 = Debug|Any CPU
		{C2644521-5535-49A4-BC5A-1CEDFC2AF745}.Debug|iPhoneSimulator.ActiveCfg = Debug|Any CPU
		{C2644521-5535-49A4-BC5A-1CEDFC2AF745}.Debug|iPhoneSimulator.Build.0 = Debug|Any CPU
		{C2644521-5535-49A4-BC5A-1CEDFC2AF745}.Debug|iPhoneSimulator.Deploy.0 = Debug|Any CPU
		{C2644521-5535-49A4-BC5A-1CEDFC2AF745}.Release|Any CPU.ActiveCfg = Release|Any CPU
		{C2644521-5535-49A4-BC5A-1CEDFC2AF745}.Release|Any CPU.Build.0 = Release|Any CPU
		{C2644521-5535-49A4-BC5A-1CEDFC2AF745}.Release|Any CPU.Deploy.0 = Release|Any CPU
		{C2644521-5535-49A4-BC5A-1CEDFC2AF745}.Release|iPhone.ActiveCfg = Release|Any CPU
		{C2644521-5535-49A4-BC5A-1CEDFC2AF745}.Release|iPhone.Build.0 = Release|Any CPU
		{C2644521-5535-49A4-BC5A-1CEDFC2AF745}.Release|iPhone.Deploy.0 = Release|Any CPU
		{C2644521-5535-49A4-BC5A-1CEDFC2AF745}.Release|iPhoneSimulator.ActiveCfg = Release|Any CPU
		{C2644521-5535-49A4-BC5A-1CEDFC2AF745}.Release|iPhoneSimulator.Build.0 = Release|Any CPU
		{C2644521-5535-49A4-BC5A-1CEDFC2AF745}.Release|iPhoneSimulator.Deploy.0 = Release|Any CPU
		{80ECE9F3-6077-4C3E-ACDA-67AE8EC26C5F}.Debug|Any CPU.ActiveCfg = Debug|iPhone
		{80ECE9F3-6077-4C3E-ACDA-67AE8EC26C5F}.Debug|Any CPU.Build.0 = Debug|iPhone
		{80ECE9F3-6077-4C3E-ACDA-67AE8EC26C5F}.Debug|Any CPU.Deploy.0 = Debug|iPhone
		{80ECE9F3-6077-4C3E-ACDA-67AE8EC26C5F}.Debug|iPhone.ActiveCfg = Debug|iPhone
		{80ECE9F3-6077-4C3E-ACDA-67AE8EC26C5F}.Debug|iPhone.Build.0 = Debug|iPhone
		{80ECE9F3-6077-4C3E-ACDA-67AE8EC26C5F}.Debug|iPhone.Deploy.0 = Debug|iPhone
		{80ECE9F3-6077-4C3E-ACDA-67AE8EC26C5F}.Debug|iPhoneSimulator.ActiveCfg = Debug|iPhoneSimulator
		{80ECE9F3-6077-4C3E-ACDA-67AE8EC26C5F}.Debug|iPhoneSimulator.Build.0 = Debug|iPhoneSimulator
		{80ECE9F3-6077-4C3E-ACDA-67AE8EC26C5F}.Debug|iPhoneSimulator.Deploy.0 = Debug|iPhoneSimulator
		{80ECE9F3-6077-4C3E-ACDA-67AE8EC26C5F}.Release|Any CPU.ActiveCfg = Release|iPhoneSimulator
		{80ECE9F3-6077-4C3E-ACDA-67AE8EC26C5F}.Release|Any CPU.Build.0 = Release|iPhoneSimulator
		{80ECE9F3-6077-4C3E-ACDA-67AE8EC26C5F}.Release|Any CPU.Deploy.0 = Release|iPhoneSimulator
		{80ECE9F3-6077-4C3E-ACDA-67AE8EC26C5F}.Release|iPhone.ActiveCfg = Release|iPhone
		{80ECE9F3-6077-4C3E-ACDA-67AE8EC26C5F}.Release|iPhone.Build.0 = Release|iPhone
		{80ECE9F3-6077-4C3E-ACDA-67AE8EC26C5F}.Release|iPhone.Deploy.0 = Release|iPhone
		{80ECE9F3-6077-4C3E-ACDA-67AE8EC26C5F}.Release|iPhoneSimulator.ActiveCfg = Release|iPhoneSimulator
		{80ECE9F3-6077-4C3E-ACDA-67AE8EC26C5F}.Release|iPhoneSimulator.Build.0 = Release|iPhoneSimulator
		{80ECE9F3-6077-4C3E-ACDA-67AE8EC26C5F}.Release|iPhoneSimulator.Deploy.0 = Release|iPhoneSimulator
		{0DF3FE69-E927-4B12-A012-884B99880BE9}.Debug|Any CPU.ActiveCfg = Debug|Any CPU
		{0DF3FE69-E927-4B12-A012-884B99880BE9}.Debug|Any CPU.Build.0 = Debug|Any CPU
		{0DF3FE69-E927-4B12-A012-884B99880BE9}.Debug|Any CPU.Deploy.0 = Debug|Any CPU
		{0DF3FE69-E927-4B12-A012-884B99880BE9}.Debug|iPhone.ActiveCfg = Debug|Any CPU
		{0DF3FE69-E927-4B12-A012-884B99880BE9}.Debug|iPhone.Build.0 = Debug|Any CPU
		{0DF3FE69-E927-4B12-A012-884B99880BE9}.Debug|iPhone.Deploy.0 = Debug|Any CPU
		{0DF3FE69-E927-4B12-A012-884B99880BE9}.Debug|iPhoneSimulator.ActiveCfg = Debug|Any CPU
		{0DF3FE69-E927-4B12-A012-884B99880BE9}.Debug|iPhoneSimulator.Build.0 = Debug|Any CPU
		{0DF3FE69-E927-4B12-A012-884B99880BE9}.Debug|iPhoneSimulator.Deploy.0 = Debug|Any CPU
		{0DF3FE69-E927-4B12-A012-884B99880BE9}.Release|Any CPU.ActiveCfg = Release|Any CPU
		{0DF3FE69-E927-4B12-A012-884B99880BE9}.Release|Any CPU.Build.0 = Release|Any CPU
		{0DF3FE69-E927-4B12-A012-884B99880BE9}.Release|Any CPU.Deploy.0 = Release|Any CPU
		{0DF3FE69-E927-4B12-A012-884B99880BE9}.Release|iPhone.ActiveCfg = Release|Any CPU
		{0DF3FE69-E927-4B12-A012-884B99880BE9}.Release|iPhone.Build.0 = Release|Any CPU
		{0DF3FE69-E927-4B12-A012-884B99880BE9}.Release|iPhone.Deploy.0 = Release|Any CPU
		{0DF3FE69-E927-4B12-A012-884B99880BE9}.Release|iPhoneSimulator.ActiveCfg = Release|Any CPU
		{0DF3FE69-E927-4B12-A012-884B99880BE9}.Release|iPhoneSimulator.Build.0 = Release|Any CPU
		{0DF3FE69-E927-4B12-A012-884B99880BE9}.Release|iPhoneSimulator.Deploy.0 = Release|Any CPU
		{62D50959-0A03-4C45-912E-DBDDAD002B72}.Debug|Any CPU.ActiveCfg = Debug|Any CPU
		{62D50959-0A03-4C45-912E-DBDDAD002B72}.Debug|Any CPU.Build.0 = Debug|Any CPU
		{62D50959-0A03-4C45-912E-DBDDAD002B72}.Debug|iPhone.ActiveCfg = Debug|Any CPU
		{62D50959-0A03-4C45-912E-DBDDAD002B72}.Debug|iPhone.Build.0 = Debug|Any CPU
		{62D50959-0A03-4C45-912E-DBDDAD002B72}.Debug|iPhoneSimulator.ActiveCfg = Debug|Any CPU
		{62D50959-0A03-4C45-912E-DBDDAD002B72}.Debug|iPhoneSimulator.Build.0 = Debug|Any CPU
		{62D50959-0A03-4C45-912E-DBDDAD002B72}.Release|Any CPU.ActiveCfg = Release|Any CPU
		{62D50959-0A03-4C45-912E-DBDDAD002B72}.Release|Any CPU.Build.0 = Release|Any CPU
		{62D50959-0A03-4C45-912E-DBDDAD002B72}.Release|iPhone.ActiveCfg = Release|Any CPU
		{62D50959-0A03-4C45-912E-DBDDAD002B72}.Release|iPhone.Build.0 = Release|Any CPU
		{62D50959-0A03-4C45-912E-DBDDAD002B72}.Release|iPhoneSimulator.ActiveCfg = Release|Any CPU
		{62D50959-0A03-4C45-912E-DBDDAD002B72}.Release|iPhoneSimulator.Build.0 = Release|Any CPU
	EndGlobalSection
	GlobalSection(SolutionProperties) = preSolution
		HideSolutionNode = FALSE
	EndGlobalSection
	GlobalSection(ExtensibilityGlobals) = postSolution
		SolutionGuid = {9B0F2E0B-9183-4F5A-BA22-5754B06D447F}
	EndGlobalSection
EndGlobal
